// !$*UTF8*$!
{
	archiveVersion = 1;
	classes = {
	};
	objectVersion = 56;
	objects = {

/* Begin PBXBuildFile section */
		FF0A748B2926BE0500EEBA4D /* loginFailResponse.swift in Sources */ = {isa = PBXBuildFile; fileRef = FF0A748A2926BE0500EEBA4D /* loginFailResponse.swift */; };
		FF0A748D2926C04800EEBA4D /* loginSucessResponse.swift in Sources */ = {isa = PBXBuildFile; fileRef = FF0A748C2926C04800EEBA4D /* loginSucessResponse.swift */; };
		FF1C08CD291AF9E000EEC604 /* UdacityClient.swift in Sources */ = {isa = PBXBuildFile; fileRef = FF1C08CC291AF9E000EEC604 /* UdacityClient.swift */; };
		FF1C08CF291B09B400EEC604 /* UdacityResponse.swift in Sources */ = {isa = PBXBuildFile; fileRef = FF1C08CE291B09B400EEC604 /* UdacityResponse.swift */; };
		FF6B30BC291AC087000C997A /* AppDelegate.swift in Sources */ = {isa = PBXBuildFile; fileRef = FF6B30BB291AC087000C997A /* AppDelegate.swift */; };
		FF6B30BE291AC087000C997A /* SceneDelegate.swift in Sources */ = {isa = PBXBuildFile; fileRef = FF6B30BD291AC087000C997A /* SceneDelegate.swift */; };
		FF6B30C0291AC087000C997A /* LoginViewController.swift in Sources */ = {isa = PBXBuildFile; fileRef = FF6B30BF291AC087000C997A /* LoginViewController.swift */; };
		FF6B30C3291AC087000C997A /* Main.storyboard in Resources */ = {isa = PBXBuildFile; fileRef = FF6B30C1291AC087000C997A /* Main.storyboard */; };
		FF6B30C5291AC08C000C997A /* Assets.xcassets in Resources */ = {isa = PBXBuildFile; fileRef = FF6B30C4291AC08C000C997A /* Assets.xcassets */; };
		FF6B30C8291AC08C000C997A /* LaunchScreen.storyboard in Resources */ = {isa = PBXBuildFile; fileRef = FF6B30C6291AC08C000C997A /* LaunchScreen.storyboard */; };
		FFA98775292C2B6800ECF7BC /* getStudentLocationResponse.swift in Sources */ = {isa = PBXBuildFile; fileRef = FFA98774292C2B6800ECF7BC /* getStudentLocationResponse.swift */; };
		FFA98777292C778700ECF7BC /* AddLocationViewController.swift in Sources */ = {isa = PBXBuildFile; fileRef = FFA98776292C778700ECF7BC /* AddLocationViewController.swift */; };
		FFB8D290292BE27B00B49A37 /* MapViewController.swift in Sources */ = {isa = PBXBuildFile; fileRef = FFB8D28F292BE27B00B49A37 /* MapViewController.swift */; };
		FFD04ED1292BE59C00C5ADE8 /* TableViewController.swift in Sources */ = {isa = PBXBuildFile; fileRef = FFD04ED0292BE59C00C5ADE8 /* TableViewController.swift */; };
		FFD91BE829325CA100CFD642 /* postStudentLocationResponse.swift in Sources */ = {isa = PBXBuildFile; fileRef = FFD91BE729325CA100CFD642 /* postStudentLocationResponse.swift */; };
		FFD91BEA2932623200CFD642 /* getUserPublicDataResponse.swift in Sources */ = {isa = PBXBuildFile; fileRef = FFD91BE92932623200CFD642 /* getUserPublicDataResponse.swift */; };
		FFD9E256292E9B25002D84E4 /* InformationPostViewController.swift in Sources */ = {isa = PBXBuildFile; fileRef = FFD9E255292E9B25002D84E4 /* InformationPostViewController.swift */; };
/* End PBXBuildFile section */

/* Begin PBXFileReference section */
		FF0A748A2926BE0500EEBA4D /* loginFailResponse.swift */ = {isa = PBXFileReference; lastKnownFileType = sourcecode.swift; path = loginFailResponse.swift; sourceTree = "<group>"; };
		FF0A748C2926C04800EEBA4D /* loginSucessResponse.swift */ = {isa = PBXFileReference; lastKnownFileType = sourcecode.swift; path = loginSucessResponse.swift; sourceTree = "<group>"; };
		FF1C08CC291AF9E000EEC604 /* UdacityClient.swift */ = {isa = PBXFileReference; lastKnownFileType = sourcecode.swift; path = UdacityClient.swift; sourceTree = "<group>"; };
		FF1C08CE291B09B400EEC604 /* UdacityResponse.swift */ = {isa = PBXFileReference; lastKnownFileType = sourcecode.swift; path = UdacityResponse.swift; sourceTree = "<group>"; };
		FF6B30B8291AC087000C997A /* OnTheMap.app */ = {isa = PBXFileReference; explicitFileType = wrapper.application; includeInIndex = 0; path = OnTheMap.app; sourceTree = BUILT_PRODUCTS_DIR; };
		FF6B30BB291AC087000C997A /* AppDelegate.swift */ = {isa = PBXFileReference; lastKnownFileType = sourcecode.swift; path = AppDelegate.swift; sourceTree = "<group>"; };
		FF6B30BD291AC087000C997A /* SceneDelegate.swift */ = {isa = PBXFileReference; lastKnownFileType = sourcecode.swift; path = SceneDelegate.swift; sourceTree = "<group>"; };
		FF6B30BF291AC087000C997A /* LoginViewController.swift */ = {isa = PBXFileReference; lastKnownFileType = sourcecode.swift; path = LoginViewController.swift; sourceTree = "<group>"; };
		FF6B30C2291AC087000C997A /* Base */ = {isa = PBXFileReference; lastKnownFileType = file.storyboard; name = Base; path = Base.lproj/Main.storyboard; sourceTree = "<group>"; };
		FF6B30C4291AC08C000C997A /* Assets.xcassets */ = {isa = PBXFileReference; lastKnownFileType = folder.assetcatalog; path = Assets.xcassets; sourceTree = "<group>"; };
		FF6B30C7291AC08C000C997A /* Base */ = {isa = PBXFileReference; lastKnownFileType = file.storyboard; name = Base; path = Base.lproj/LaunchScreen.storyboard; sourceTree = "<group>"; };
		FF6B30C9291AC08C000C997A /* Info.plist */ = {isa = PBXFileReference; lastKnownFileType = text.plist.xml; path = Info.plist; sourceTree = "<group>"; };
		FFA98774292C2B6800ECF7BC /* getStudentLocationResponse.swift */ = {isa = PBXFileReference; lastKnownFileType = sourcecode.swift; path = getStudentLocationResponse.swift; sourceTree = "<group>"; };
		FFA98776292C778700ECF7BC /* AddLocationViewController.swift */ = {isa = PBXFileReference; lastKnownFileType = sourcecode.swift; path = AddLocationViewController.swift; sourceTree = "<group>"; };
		FFB8D28F292BE27B00B49A37 /* MapViewController.swift */ = {isa = PBXFileReference; lastKnownFileType = sourcecode.swift; path = MapViewController.swift; sourceTree = "<group>"; };
		FFD04ED0292BE59C00C5ADE8 /* TableViewController.swift */ = {isa = PBXFileReference; lastKnownFileType = sourcecode.swift; path = TableViewController.swift; sourceTree = "<group>"; };
		FFD91BE729325CA100CFD642 /* postStudentLocationResponse.swift */ = {isa = PBXFileReference; lastKnownFileType = sourcecode.swift; path = postStudentLocationResponse.swift; sourceTree = "<group>"; };
		FFD91BE92932623200CFD642 /* getUserPublicDataResponse.swift */ = {isa = PBXFileReference; lastKnownFileType = sourcecode.swift; path = getUserPublicDataResponse.swift; sourceTree = "<group>"; };
		FFD9E255292E9B25002D84E4 /* InformationPostViewController.swift */ = {isa = PBXFileReference; lastKnownFileType = sourcecode.swift; path = InformationPostViewController.swift; sourceTree = "<group>"; };
/* End PBXFileReference section */

/* Begin PBXFrameworksBuildPhase section */
		FF6B30B5291AC087000C997A /* Frameworks */ = {
			isa = PBXFrameworksBuildPhase;
			buildActionMask = 2147483647;
			files = (
			);
			runOnlyForDeploymentPostprocessing = 0;
		};
/* End PBXFrameworksBuildPhase section */

/* Begin PBXGroup section */
		FF1C08C6291AF5C600EEC604 /* Model */ = {
			isa = PBXGroup;
			children = (
				FF1C08CB291AF7CF00EEC604 /* UdacityResponses */,
				FF1C08C9291AF69700EEC604 /* UdacityClient */,
				FF1C08CA291AF7C000EEC604 /* UdacityRequests */,
			);
			path = Model;
			sourceTree = "<group>";
		};
		FF1C08C7291AF5DC00EEC604 /* View */ = {
			isa = PBXGroup;
			children = (
			);
			path = View;
			sourceTree = "<group>";
		};
		FF1C08C8291AF5EB00EEC604 /* Controller */ = {
			isa = PBXGroup;
			children = (
				FF6B30BF291AC087000C997A /* LoginViewController.swift */,
				FFB8D28F292BE27B00B49A37 /* MapViewController.swift */,
				FFD04ED0292BE59C00C5ADE8 /* TableViewController.swift */,
				FFA98776292C778700ECF7BC /* AddLocationViewController.swift */,
				FFD9E255292E9B25002D84E4 /* InformationPostViewController.swift */,
			);
			path = Controller;
			sourceTree = "<group>";
		};
		FF1C08C9291AF69700EEC604 /* UdacityClient */ = {
			isa = PBXGroup;
			children = (
				FF1C08CC291AF9E000EEC604 /* UdacityClient.swift */,
			);
			path = UdacityClient;
			sourceTree = "<group>";
		};
		FF1C08CA291AF7C000EEC604 /* UdacityRequests */ = {
			isa = PBXGroup;
			children = (
			);
			path = UdacityRequests;
			sourceTree = "<group>";
		};
		FF1C08CB291AF7CF00EEC604 /* UdacityResponses */ = {
			isa = PBXGroup;
			children = (
				FF1C08CE291B09B400EEC604 /* UdacityResponse.swift */,
				FF0A748A2926BE0500EEBA4D /* loginFailResponse.swift */,
				FF0A748C2926C04800EEBA4D /* loginSucessResponse.swift */,
				FFA98774292C2B6800ECF7BC /* getStudentLocationResponse.swift */,
				FFD91BE729325CA100CFD642 /* postStudentLocationResponse.swift */,
				FFD91BE92932623200CFD642 /* getUserPublicDataResponse.swift */,
			);
			path = UdacityResponses;
			sourceTree = "<group>";
		};
		FF6B30AF291AC087000C997A = {
			isa = PBXGroup;
			children = (
				FF6B30BA291AC087000C997A /* OnTheMap */,
				FF6B30B9291AC087000C997A /* Products */,
			);
			sourceTree = "<group>";
		};
		FF6B30B9291AC087000C997A /* Products */ = {
			isa = PBXGroup;
			children = (
				FF6B30B8291AC087000C997A /* OnTheMap.app */,
			);
			name = Products;
			sourceTree = "<group>";
		};
		FF6B30BA291AC087000C997A /* OnTheMap */ = {
			isa = PBXGroup;
			children = (
				FF1C08C8291AF5EB00EEC604 /* Controller */,
				FF1C08C7291AF5DC00EEC604 /* View */,
				FF1C08C6291AF5C600EEC604 /* Model */,
				FF6B30BB291AC087000C997A /* AppDelegate.swift */,
				FF6B30BD291AC087000C997A /* SceneDelegate.swift */,
				FF6B30C1291AC087000C997A /* Main.storyboard */,
				FF6B30C4291AC08C000C997A /* Assets.xcassets */,
				FF6B30C6291AC08C000C997A /* LaunchScreen.storyboard */,
				FF6B30C9291AC08C000C997A /* Info.plist */,
			);
			path = OnTheMap;
			sourceTree = "<group>";
		};
/* End PBXGroup section */

/* Begin PBXNativeTarget section */
		FF6B30B7291AC087000C997A /* OnTheMap */ = {
			isa = PBXNativeTarget;
			buildConfigurationList = FF6B30CC291AC08C000C997A /* Build configuration list for PBXNativeTarget "OnTheMap" */;
			buildPhases = (
				FF6B30B4291AC087000C997A /* Sources */,
				FF6B30B5291AC087000C997A /* Frameworks */,
				FF6B30B6291AC087000C997A /* Resources */,
			);
			buildRules = (
			);
			dependencies = (
			);
			name = OnTheMap;
			productName = OnTheMap;
			productReference = FF6B30B8291AC087000C997A /* OnTheMap.app */;
			productType = "com.apple.product-type.application";
		};
/* End PBXNativeTarget section */

/* Begin PBXProject section */
		FF6B30B0291AC087000C997A /* Project object */ = {
			isa = PBXProject;
			attributes = {
				BuildIndependentTargetsInParallel = 1;
				LastSwiftUpdateCheck = 1410;
				LastUpgradeCheck = 1410;
				TargetAttributes = {
					FF6B30B7291AC087000C997A = {
						CreatedOnToolsVersion = 14.1;
					};
				};
			};
			buildConfigurationList = FF6B30B3291AC087000C997A /* Build configuration list for PBXProject "OnTheMap" */;
			compatibilityVersion = "Xcode 14.0";
			developmentRegion = en;
			hasScannedForEncodings = 0;
			knownRegions = (
				en,
				Base,
			);
			mainGroup = FF6B30AF291AC087000C997A;
			productRefGroup = FF6B30B9291AC087000C997A /* Products */;
			projectDirPath = "";
			projectRoot = "";
			targets = (
				FF6B30B7291AC087000C997A /* OnTheMap */,
			);
		};
/* End PBXProject section */

/* Begin PBXResourcesBuildPhase section */
		FF6B30B6291AC087000C997A /* Resources */ = {
			isa = PBXResourcesBuildPhase;
			buildActionMask = 2147483647;
			files = (
				FF6B30C8291AC08C000C997A /* LaunchScreen.storyboard in Resources */,
				FF6B30C5291AC08C000C997A /* Assets.xcassets in Resources */,
				FF6B30C3291AC087000C997A /* Main.storyboard in Resources */,
			);
			runOnlyForDeploymentPostprocessing = 0;
		};
/* End PBXResourcesBuildPhase section */

/* Begin PBXSourcesBuildPhase section */
		FF6B30B4291AC087000C997A /* Sources */ = {
			isa = PBXSourcesBuildPhase;
			buildActionMask = 2147483647;
			files = (
				FFD91BE829325CA100CFD642 /* postStudentLocationResponse.swift in Sources */,
				FF1C08CD291AF9E000EEC604 /* UdacityClient.swift in Sources */,
				FF6B30C0291AC087000C997A /* LoginViewController.swift in Sources */,
				FFD91BEA2932623200CFD642 /* getUserPublicDataResponse.swift in Sources */,
				FFD9E256292E9B25002D84E4 /* InformationPostViewController.swift in Sources */,
				FF0A748B2926BE0500EEBA4D /* loginFailResponse.swift in Sources */,
				FF6B30BC291AC087000C997A /* AppDelegate.swift in Sources */,
				FF6B30BE291AC087000C997A /* SceneDelegate.swift in Sources */,
				FF1C08CF291B09B400EEC604 /* UdacityResponse.swift in Sources */,
				FFA98775292C2B6800ECF7BC /* getStudentLocationResponse.swift in Sources */,
				FF0A748D2926C04800EEBA4D /* loginSucessResponse.swift in Sources */,
				FFA98777292C778700ECF7BC /* AddLocationViewController.swift in Sources */,
				FFD04ED1292BE59C00C5ADE8 /* TableViewController.swift in Sources */,
				FFB8D290292BE27B00B49A37 /* MapViewController.swift in Sources */,
			);
			runOnlyForDeploymentPostprocessing = 0;
		};
/* End PBXSourcesBuildPhase section */

/* Begin PBXVariantGroup section */
		FF6B30C1291AC087000C997A /* Main.storyboard */ = {
			isa = PBXVariantGroup;
			children = (
				FF6B30C2291AC087000C997A /* Base */,
			);
			name = Main.storyboard;
			sourceTree = "<group>";
		};
		FF6B30C6291AC08C000C997A /* LaunchScreen.storyboard */ = {
			isa = PBXVariantGroup;
			children = (
				FF6B30C7291AC08C000C997A /* Base */,
			);
			name = LaunchScreen.storyboard;
			sourceTree = "<group>";
		};
/* End PBXVariantGroup section */

/* Begin XCBuildConfiguration section */
		FF6B30CA291AC08C000C997A /* Debug */ = {
			isa = XCBuildConfiguration;
			buildSettings = {
				ALWAYS_SEARCH_USER_PATHS = NO;
				CLANG_ANALYZER_NONNULL = YES;
				CLANG_ANALYZER_NUMBER_OBJECT_CONVERSION = YES_AGGRESSIVE;
				CLANG_CXX_LANGUAGE_STANDARD = "gnu++20";
				CLANG_ENABLE_MODULES = YES;
				CLANG_ENABLE_OBJC_ARC = YES;
				CLANG_ENABLE_OBJC_WEAK = YES;
				CLANG_WARN_BLOCK_CAPTURE_AUTORELEASING = YES;
				CLANG_WARN_BOOL_CONVERSION = YES;
				CLANG_WARN_COMMA = YES;
				CLANG_WARN_CONSTANT_CONVERSION = YES;
				CLANG_WARN_DEPRECATED_OBJC_IMPLEMENTATIONS = YES;
				CLANG_WARN_DIRECT_OBJC_ISA_USAGE = YES_ERROR;
				CLANG_WARN_DOCUMENTATION_COMMENTS = YES;
				CLANG_WARN_EMPTY_BODY = YES;
				CLANG_WARN_ENUM_CONVERSION = YES;
				CLANG_WARN_INFINITE_RECURSION = YES;
				CLANG_WARN_INT_CONVERSION = YES;
				CLANG_WARN_NON_LITERAL_NULL_CONVERSION = YES;
				CLANG_WARN_OBJC_IMPLICIT_RETAIN_SELF = YES;
				CLANG_WARN_OBJC_LITERAL_CONVERSION = YES;
				CLANG_WARN_OBJC_ROOT_CLASS = YES_ERROR;
				CLANG_WARN_QUOTED_INCLUDE_IN_FRAMEWORK_HEADER = YES;
				CLANG_WARN_RANGE_LOOP_ANALYSIS = YES;
				CLANG_WARN_STRICT_PROTOTYPES = YES;
				CLANG_WARN_SUSPICIOUS_MOVE = YES;
				CLANG_WARN_UNGUARDED_AVAILABILITY = YES_AGGRESSIVE;
				CLANG_WARN_UNREACHABLE_CODE = YES;
				CLANG_WARN__DUPLICATE_METHOD_MATCH = YES;
				COPY_PHASE_STRIP = NO;
				DEBUG_INFORMATION_FORMAT = dwarf;
				ENABLE_STRICT_OBJC_MSGSEND = YES;
				ENABLE_TESTABILITY = YES;
				GCC_C_LANGUAGE_STANDARD = gnu11;
				GCC_DYNAMIC_NO_PIC = NO;
				GCC_NO_COMMON_BLOCKS = YES;
				GCC_OPTIMIZATION_LEVEL = 0;
				GCC_PREPROCESSOR_DEFINITIONS = (
					"DEBUG=1",
					"$(inherited)",
				);
				GCC_WARN_64_TO_32_BIT_CONVERSION = YES;
				GCC_WARN_ABOUT_RETURN_TYPE = YES_ERROR;
				GCC_WARN_UNDECLARED_SELECTOR = YES;
				GCC_WARN_UNINITIALIZED_AUTOS = YES_AGGRESSIVE;
				GCC_WARN_UNUSED_FUNCTION = YES;
				GCC_WARN_UNUSED_VARIABLE = YES;
				IPHONEOS_DEPLOYMENT_TARGET = 16.1;
				MTL_ENABLE_DEBUG_INFO = INCLUDE_SOURCE;
				MTL_FAST_MATH = YES;
				ONLY_ACTIVE_ARCH = YES;
				SDKROOT = iphoneos;
				SWIFT_ACTIVE_COMPILATION_CONDITIONS = DEBUG;
				SWIFT_OPTIMIZATION_LEVEL = "-Onone";
			};
			name = Debug;
		};
		FF6B30CB291AC08C000C997A /* Release */ = {
			isa = XCBuildConfiguration;
			buildSettings = {
				ALWAYS_SEARCH_USER_PATHS = NO;
				CLANG_ANALYZER_NONNULL = YES;
				CLANG_ANALYZER_NUMBER_OBJECT_CONVERSION = YES_AGGRESSIVE;
				CLANG_CXX_LANGUAGE_STANDARD = "gnu++20";
				CLANG_ENABLE_MODULES = YES;
				CLANG_ENABLE_OBJC_ARC = YES;
				CLANG_ENABLE_OBJC_WEAK = YES;
				CLANG_WARN_BLOCK_CAPTURE_AUTORELEASING = YES;
				CLANG_WARN_BOOL_CONVERSION = YES;
				CLANG_WARN_COMMA = YES;
				CLANG_WARN_CONSTANT_CONVERSION = YES;
				CLANG_WARN_DEPRECATED_OBJC_IMPLEMENTATIONS = YES;
				CLANG_WARN_DIRECT_OBJC_ISA_USAGE = YES_ERROR;
				CLANG_WARN_DOCUMENTATION_COMMENTS = YES;
				CLANG_WARN_EMPTY_BODY = YES;
				CLANG_WARN_ENUM_CONVERSION = YES;
				CLANG_WARN_INFINITE_RECURSION = YES;
				CLANG_WARN_INT_CONVERSION = YES;
				CLANG_WARN_NON_LITERAL_NULL_CONVERSION = YES;
				CLANG_WARN_OBJC_IMPLICIT_RETAIN_SELF = YES;
				CLANG_WARN_OBJC_LITERAL_CONVERSION = YES;
				CLANG_WARN_OBJC_ROOT_CLASS = YES_ERROR;
				CLANG_WARN_QUOTED_INCLUDE_IN_FRAMEWORK_HEADER = YES;
				CLANG_WARN_RANGE_LOOP_ANALYSIS = YES;
				CLANG_WARN_STRICT_PROTOTYPES = YES;
				CLANG_WARN_SUSPICIOUS_MOVE = YES;
				CLANG_WARN_UNGUARDED_AVAILABILITY = YES_AGGRESSIVE;
				CLANG_WARN_UNREACHABLE_CODE = YES;
				CLANG_WARN__DUPLICATE_METHOD_MATCH = YES;
				COPY_PHASE_STRIP = NO;
				DEBUG_INFORMATION_FORMAT = "dwarf-with-dsym";
				ENABLE_NS_ASSERTIONS = NO;
				ENABLE_STRICT_OBJC_MSGSEND = YES;
				GCC_C_LANGUAGE_STANDARD = gnu11;
				GCC_NO_COMMON_BLOCKS = YES;
				GCC_WARN_64_TO_32_BIT_CONVERSION = YES;
				GCC_WARN_ABOUT_RETURN_TYPE = YES_ERROR;
				GCC_WARN_UNDECLARED_SELECTOR = YES;
				GCC_WARN_UNINITIALIZED_AUTOS = YES_AGGRESSIVE;
				GCC_WARN_UNUSED_FUNCTION = YES;
				GCC_WARN_UNUSED_VARIABLE = YES;
				IPHONEOS_DEPLOYMENT_TARGET = 16.1;
				MTL_ENABLE_DEBUG_INFO = NO;
				MTL_FAST_MATH = YES;
				SDKROOT = iphoneos;
				SWIFT_COMPILATION_MODE = wholemodule;
				SWIFT_OPTIMIZATION_LEVEL = "-O";
				VALIDATE_PRODUCT = YES;
			};
			name = Release;
		};
		FF6B30CD291AC08C000C997A /* Debug */ = {
			isa = XCBuildConfiguration;
			buildSettings = {
				ASSETCATALOG_COMPILER_APPICON_NAME = AppIcon;
				ASSETCATALOG_COMPILER_GLOBAL_ACCENT_COLOR_NAME = AccentColor;
				CODE_SIGN_STYLE = Automatic;
				CURRENT_PROJECT_VERSION = 1;
				DEVELOPMENT_TEAM = D4P54WAU5K;
				GENERATE_INFOPLIST_FILE = YES;
				INFOPLIST_FILE = OnTheMap/Info.plist;
				INFOPLIST_KEY_UIApplicationSupportsIndirectInputEvents = YES;
				INFOPLIST_KEY_UILaunchStoryboardName = LaunchScreen;
				INFOPLIST_KEY_UIMainStoryboardFile = Main;
				INFOPLIST_KEY_UISupportedInterfaceOrientations_iPad = "UIInterfaceOrientationPortrait UIInterfaceOrientationPortraitUpsideDown UIInterfaceOrientationLandscapeLeft UIInterfaceOrientationLandscapeRight";
				INFOPLIST_KEY_UISupportedInterfaceOrientations_iPhone = "UIInterfaceOrientationPortrait UIInterfaceOrientationLandscapeLeft UIInterfaceOrientationLandscapeRight";
				LD_RUNPATH_SEARCH_PATHS = (
					"$(inherited)",
					"@executable_path/Frameworks",
				);
				MARKETING_VERSION = 1.0;
				PRODUCT_BUNDLE_IDENTIFIER = "legato-yuan.OnTheMap";
				PRODUCT_NAME = "$(TARGET_NAME)";
				SWIFT_EMIT_LOC_STRINGS = YES;
				SWIFT_VERSION = 5.0;
				TARGETED_DEVICE_FAMILY = "1,2";
			};
			name = Debug;
		};
		FF6B30CE291AC08C000C997A /* Release */ = {
			isa = XCBuildConfiguration;
			buildSettings = {
				ASSETCATALOG_COMPILER_APPICON_NAME = AppIcon;
				ASSETCATALOG_COMPILER_GLOBAL_ACCENT_COLOR_NAME = AccentColor;
				CODE_SIGN_STYLE = Automatic;
				CURRENT_PROJECT_VERSION = 1;
				DEVELOPMENT_TEAM = D4P54WAU5K;
				GENERATE_INFOPLIST_FILE = YES;
				INFOPLIST_FILE = OnTheMap/Info.plist;
				INFOPLIST_KEY_UIApplicationSupportsIndirectInputEvents = YES;
				INFOPLIST_KEY_UILaunchStoryboardName = LaunchScreen;
				INFOPLIST_KEY_UIMainStoryboardFile = Main;
				INFOPLIST_KEY_UISupportedInterfaceOrientations_iPad = "UIInterfaceOrientationPortrait UIInterfaceOrientationPortraitUpsideDown UIInterfaceOrientationLandscapeLeft UIInterfaceOrientationLandscapeRight";
				INFOPLIST_KEY_UISupportedInterfaceOrientations_iPhone = "UIInterfaceOrientationPortrait UIInterfaceOrientationLandscapeLeft UIInterfaceOrientationLandscapeRight";
				LD_RUNPATH_SEARCH_PATHS = (
					"$(inherited)",
					"@executable_path/Frameworks",
				);
				MARKETING_VERSION = 1.0;
				PRODUCT_BUNDLE_IDENTIFIER = "legato-yuan.OnTheMap";
				PRODUCT_NAME = "$(TARGET_NAME)";
				SWIFT_EMIT_LOC_STRINGS = YES;
				SWIFT_VERSION = 5.0;
				TARGETED_DEVICE_FAMILY = "1,2";
			};
			name = Release;
		};
/* End XCBuildConfiguration section */

/* Begin XCConfigurationList section */
		FF6B30B3291AC087000C997A /* Build configuration list for PBXProject "OnTheMap" */ = {
			isa = XCConfigurationList;
			buildConfigurations = (
				FF6B30CA291AC08C000C997A /* Debug */,
				FF6B30CB291AC08C000C997A /* Release */,
			);
			defaultConfigurationIsVisible = 0;
			defaultConfigurationName = Release;
		};
		FF6B30CC291AC08C000C997A /* Build configuration list for PBXNativeTarget "OnTheMap" */ = {
			isa = XCConfigurationList;
			buildConfigurations = (
				FF6B30CD291AC08C000C997A /* Debug */,
				FF6B30CE291AC08C000C997A /* Release */,
			);
			defaultConfigurationIsVisible = 0;
			defaultConfigurationName = Release;
		};
/* End XCConfigurationList section */
	};
	rootObject = FF6B30B0291AC087000C997A /* Project object */;
}
